
Microsoft Visual Studio Solution File, Format Version 12.00
# Visual Studio Version 17
VisualStudioVersion = 17.8.34322.80
MinimumVisualStudioVersion = 10.0.40219.1
Project("{8BC9CEB8-8B4A-11D0-8D11-00A0C91BC942}") = "G24W03MFC", "G24W03MFC\G24W03MFC.vcxproj", "{13261695-568E-400C-B98B-9D7B546619C1}"
EndProject
Global
	GlobalSection(SolutionConfigurationPlatforms) = preSolution
		Debug|x64 = Debug|x64
		Debug|x86 = Debug|x86
		Release|x64 = Release|x64
		Release|x86 = Release|x86
	EndGlobalSection
	GlobalSection(ProjectConfigurationPlatforms) = postSolution
		{13261695-568E-400C-B98B-9D7B546619C1}.Debug|x64.ActiveCfg = Debug|x64
		{13261695-568E-400C-B98B-9D7B546619C1}.Debug|x64.Build.0 = Debug|x64
		{13261695-568E-400C-B98B-9D7B546619C1}.Debug|x86.ActiveCfg = Debug|Win32
		{13261695-568E-400C-B98B-9D7B546619C1}.Debug|x86.Build.0 = Debug|Win32
		{13261695-568E-400C-B98B-9D7B546619C1}.Release|x64.ActiveCfg = Release|x64
		{13261695-568E-400C-B98B-9D7B546619C1}.Release|x64.Build.0 = Release|x64
		{13261695-568E-400C-B98B-9D7B546619C1}.Release|x86.ActiveCfg = Release|Win32
		{13261695-568E-400C-B98B-9D7B546619C1}.Release|x86.Build.0 = Release|Win32
	EndGlobalSection
	GlobalSection(SolutionProperties) = preSolution
		HideSolutionNode = FALSE
	EndGlobalSection
	GlobalSection(ExtensibilityGlobals) = postSolution
		SolutionGuid = {D08C4DEA-ACBB-49D6-BCAE-CD61AC252FA3}
	EndGlobalSection
EndGlobal
